
Microsoft Visual Studio Solution File, Format Version 12.00
# Visual Studio Version 16
VisualStudioVersion = 16.0.31613.86
MinimumVisualStudioVersion = 10.0.40219.1
Project("{FAE04EC0-301F-11D3-BF4B-00C04F79EFBC}") = "FinalProject", "FinalProject.csproj", "{558DEE85-35BE-466C-8496-18CDE1B5D30A}"
EndProject
Global
	GlobalSection(SolutionConfigurationPlatforms) = preSolution
		Debug|Any CPU = Debug|Any CPU
		Release|Any CPU = Release|Any CPU
	EndGlobalSection
	GlobalSection(ProjectConfigurationPlatforms) = postSolution
		{558DEE85-35BE-466C-8496-18CDE1B5D30A}.Debug|Any CPU.ActiveCfg = Debug|Any CPU
		{558DEE85-35BE-466C-8496-18CDE1B5D30A}.Debug|Any CPU.Build.0 = Debug|Any CPU
		{558DEE85-35BE-466C-8496-18CDE1B5D30A}.Release|Any CPU.ActiveCfg = Release|Any CPU
		{558DEE85-35BE-466C-8496-18CDE1B5D30A}.Release|Any CPU.Build.0 = Release|Any CPU
	EndGlobalSection
	GlobalSection(SolutionProperties) = preSolution
		HideSolutionNode = FALSE
	EndGlobalSection
	GlobalSection(ExtensibilityGlobals) = postSolution
		SolutionGuid = {F4CB8589-1653-46E4-8E81-E1BA969AF104}
	EndGlobalSection
EndGlobal
